
Microsoft Visual Studio Solution File, Format Version 12.00
# Visual Studio Version 16
VisualStudioVersion = 16.0.30503.244
MinimumVisualStudioVersion = 10.0.40219.1
Project("{F184B08F-C81C-45F6-A57F-5ABD9991F28F}") = "DRIVING-SCHOOL-MANAGEMENT", "DRIVING-SCHOOL-MANAGEMENT\DRIVING-SCHOOL-MANAGEMENT.vbproj", "{AA3469F6-B694-4013-A958-F27BA70F316F}"
EndProject
Global
	GlobalSection(SolutionConfigurationPlatforms) = preSolution
		Debug|Any CPU = Debug|Any CPU
		Release|Any CPU = Release|Any CPU
	EndGlobalSection
	GlobalSection(ProjectConfigurationPlatforms) = postSolution
		{AA3469F6-B694-4013-A958-F27BA70F316F}.Debug|Any CPU.ActiveCfg = Debug|Any CPU
		{AA3469F6-B694-4013-A958-F27BA70F316F}.Debug|Any CPU.Build.0 = Debug|Any CPU
		{AA3469F6-B694-4013-A958-F27BA70F316F}.Release|Any CPU.ActiveCfg = Release|Any CPU
		{AA3469F6-B694-4013-A958-F27BA70F316F}.Release|Any CPU.Build.0 = Release|Any CPU
	EndGlobalSection
	GlobalSection(SolutionProperties) = preSolution
		HideSolutionNode = FALSE
	EndGlobalSection
	GlobalSection(ExtensibilityGlobals) = postSolution
		SolutionGuid = {A70C1F43-39AD-4CD6-8783-7E6222A23345}
	EndGlobalSection
EndGlobal
